
Microsoft Visual Studio Solution File, Format Version 12.00
# Visual Studio Version 17
VisualStudioVersion = 17.8.34322.80
MinimumVisualStudioVersion = 10.0.40219.1
Project("{FAE04EC0-301F-11D3-BF4B-00C04F79EFBC}") = "PortfolioWebsite", "PortfolioWebsite\PortfolioWebsite.csproj", "{38AA0FD1-A44E-4189-BE5A-7C5A7F6A1AE0}"
EndProject
Global
	GlobalSection(SolutionConfigurationPlatforms) = preSolution
		Debug|Any CPU = Debug|Any CPU
		Release|Any CPU = Release|Any CPU
	EndGlobalSection
	GlobalSection(ProjectConfigurationPlatforms) = postSolution
		{38AA0FD1-A44E-4189-BE5A-7C5A7F6A1AE0}.Debug|Any CPU.ActiveCfg = Debug|Any CPU
		{38AA0FD1-A44E-4189-BE5A-7C5A7F6A1AE0}.Debug|Any CPU.Build.0 = Debug|Any CPU
		{38AA0FD1-A44E-4189-BE5A-7C5A7F6A1AE0}.Release|Any CPU.ActiveCfg = Release|Any CPU
		{38AA0FD1-A44E-4189-BE5A-7C5A7F6A1AE0}.Release|Any CPU.Build.0 = Release|Any CPU
	EndGlobalSection
	GlobalSection(SolutionProperties) = preSolution
		HideSolutionNode = FALSE
	EndGlobalSection
	GlobalSection(ExtensibilityGlobals) = postSolution
		SolutionGuid = {ADCB8879-D6EA-4041-BD51-8A29DE3247AB}
	EndGlobalSection
EndGlobal
